
Microsoft Visual Studio Solution File, Format Version 12.00
# Visual Studio Version 16
VisualStudioVersion = 16.0.31911.196
MinimumVisualStudioVersion = 10.0.40219.1
Project("{9A19103F-16F7-4668-BE54-9A1E7A4F7556}") = "AuthorizationServer", "AuthorizationServer.csproj", "{87B76AAB-46CC-4D2C-809D-70FEFA3D3D45}"
EndProject
Project("{9A19103F-16F7-4668-BE54-9A1E7A4F7556}") = "AuthorizationServer.IntegrationTests", "..\tests\AuthorizationServer.IntegrationTests\AuthorizationServer.IntegrationTests.csproj", "{9FF644CA-6EBE-44B5-A545-D8E740664C90}"
EndProject
Global
	GlobalSection(SolutionConfigurationPlatforms) = preSolution
		Debug|Any CPU = Debug|Any CPU
		Release|Any CPU = Release|Any CPU
	EndGlobalSection
	GlobalSection(ProjectConfigurationPlatforms) = postSolution
		{87B76AAB-46CC-4D2C-809D-70FEFA3D3D45}.Debug|Any CPU.ActiveCfg = Debug|Any CPU
		{87B76AAB-46CC-4D2C-809D-70FEFA3D3D45}.Debug|Any CPU.Build.0 = Debug|Any CPU
		{87B76AAB-46CC-4D2C-809D-70FEFA3D3D45}.Release|Any CPU.ActiveCfg = Release|Any CPU
		{87B76AAB-46CC-4D2C-809D-70FEFA3D3D45}.Release|Any CPU.Build.0 = Release|Any CPU
		{9FF644CA-6EBE-44B5-A545-D8E740664C90}.Debug|Any CPU.ActiveCfg = Debug|Any CPU
		{9FF644CA-6EBE-44B5-A545-D8E740664C90}.Debug|Any CPU.Build.0 = Debug|Any CPU
		{9FF644CA-6EBE-44B5-A545-D8E740664C90}.Release|Any CPU.ActiveCfg = Release|Any CPU
		{9FF644CA-6EBE-44B5-A545-D8E740664C90}.Release|Any CPU.Build.0 = Release|Any CPU
	EndGlobalSection
	GlobalSection(SolutionProperties) = preSolution
		HideSolutionNode = FALSE
	EndGlobalSection
	GlobalSection(ExtensibilityGlobals) = postSolution
		SolutionGuid = {D2691930-3F64-4512-B103-666B93FE065B}
	EndGlobalSection
EndGlobal
